
Microsoft Visual Studio Solution File, Format Version 12.00
# Visual Studio Version 16
VisualStudioVersion = 16.0.810.19
MinimumVisualStudioVersion = 10.0.40219.1
Project("{FAE04EC0-301F-11D3-BF4B-00C04F79EFBC}") = "StudentTotalScore", "StudentTotalScore\StudentTotalScore.csproj", "{F760FB7B-FA9C-4F88-8B6F-07D8A99F830F}"
EndProject
Global
	GlobalSection(SolutionConfigurationPlatforms) = preSolution
		Debug|anycpu = Debug|anycpu
		Release|anycpu = Release|anycpu
	EndGlobalSection
	GlobalSection(ProjectConfigurationPlatforms) = postSolution
		{F760FB7B-FA9C-4F88-8B6F-07D8A99F830F}.Debug|anycpu.ActiveCfg = Debug|anycpu
		{F760FB7B-FA9C-4F88-8B6F-07D8A99F830F}.Debug|anycpu.Build.0 = Debug|anycpu
		{F760FB7B-FA9C-4F88-8B6F-07D8A99F830F}.Release|anycpu.ActiveCfg = Release|anycpu
		{F760FB7B-FA9C-4F88-8B6F-07D8A99F830F}.Release|anycpu.Build.0 = Release|anycpu
	EndGlobalSection
	GlobalSection(SolutionProperties) = preSolution
		HideSolutionNode = FALSE
	EndGlobalSection
	GlobalSection(ExtensibilityGlobals) = postSolution
		SolutionGuid = {9284A9C8-4C63-47FC-B6BE-2946EC26BAA8}
	EndGlobalSection
EndGlobal
